
Microsoft Visual Studio Solution File, Format Version 12.00
# Visual Studio Version 16
VisualStudioVersion = 16.0.29519.87
MinimumVisualStudioVersion = 10.0.40219.1
Project("{FAE04EC0-301F-11D3-BF4B-00C04F79EFBC}") = "AdvertisementApp", "AdvertisementApp\AdvertisementApp.csproj", "{8F616FFC-F910-4B10-9AD2-69F3518F8104}"
EndProject
Global
	GlobalSection(SolutionConfigurationPlatforms) = preSolution
		Debug|Any CPU = Debug|Any CPU
		Release|Any CPU = Release|Any CPU
	EndGlobalSection
	GlobalSection(ProjectConfigurationPlatforms) = postSolution
		{8F616FFC-F910-4B10-9AD2-69F3518F8104}.Debug|Any CPU.ActiveCfg = Debug|Any CPU
		{8F616FFC-F910-4B10-9AD2-69F3518F8104}.Debug|Any CPU.Build.0 = Debug|Any CPU
		{8F616FFC-F910-4B10-9AD2-69F3518F8104}.Release|Any CPU.ActiveCfg = Release|Any CPU
		{8F616FFC-F910-4B10-9AD2-69F3518F8104}.Release|Any CPU.Build.0 = Release|Any CPU
	EndGlobalSection
	GlobalSection(SolutionProperties) = preSolution
		HideSolutionNode = FALSE
	EndGlobalSection
	GlobalSection(ExtensibilityGlobals) = postSolution
		SolutionGuid = {0D435074-8B23-4A45-A244-566F9C9B075C}
	EndGlobalSection
EndGlobal
